
Microsoft Visual Studio Solution File, Format Version 12.00
# Visual Studio Version 17
VisualStudioVersion = 17.7.34024.191
MinimumVisualStudioVersion = 10.0.40219.1
Project("{FAE04EC0-301F-11D3-BF4B-00C04F79EFBC}") = "01_Enums", "01_Enums\01_Enums.csproj", "{44ECE690-C992-47B8-A387-6E603B474986}"
EndProject
Project("{FAE04EC0-301F-11D3-BF4B-00C04F79EFBC}") = "02_Structs", "02_Structs\02_Structs.csproj", "{1DB7D9FF-77B2-45D5-BCD0-F0E0E99341B4}"
EndProject
Global
	GlobalSection(SolutionConfigurationPlatforms) = preSolution
		Debug|Any CPU = Debug|Any CPU
		Release|Any CPU = Release|Any CPU
	EndGlobalSection
	GlobalSection(ProjectConfigurationPlatforms) = postSolution
		{44ECE690-C992-47B8-A387-6E603B474986}.Debug|Any CPU.ActiveCfg = Debug|Any CPU
		{44ECE690-C992-47B8-A387-6E603B474986}.Debug|Any CPU.Build.0 = Debug|Any CPU
		{44ECE690-C992-47B8-A387-6E603B474986}.Release|Any CPU.ActiveCfg = Release|Any CPU
		{44ECE690-C992-47B8-A387-6E603B474986}.Release|Any CPU.Build.0 = Release|Any CPU
		{1DB7D9FF-77B2-45D5-BCD0-F0E0E99341B4}.Debug|Any CPU.ActiveCfg = Debug|Any CPU
		{1DB7D9FF-77B2-45D5-BCD0-F0E0E99341B4}.Debug|Any CPU.Build.0 = Debug|Any CPU
		{1DB7D9FF-77B2-45D5-BCD0-F0E0E99341B4}.Release|Any CPU.ActiveCfg = Release|Any CPU
		{1DB7D9FF-77B2-45D5-BCD0-F0E0E99341B4}.Release|Any CPU.Build.0 = Release|Any CPU
	EndGlobalSection
	GlobalSection(SolutionProperties) = preSolution
		HideSolutionNode = FALSE
	EndGlobalSection
	GlobalSection(ExtensibilityGlobals) = postSolution
		SolutionGuid = {43F768F5-A811-443D-A025-F6C610D5EE74}
	EndGlobalSection
EndGlobal
