
Microsoft Visual Studio Solution File, Format Version 12.00
# Visual Studio Version 17
VisualStudioVersion = 17.7.34031.279
MinimumVisualStudioVersion = 10.0.40219.1
Project("{FAE04EC0-301F-11D3-BF4B-00C04F79EFBC}") = "WpfApp", "WpfApp\WpfApp.csproj", "{595C18FD-4C6F-49BD-9A09-56023E024A36}"
EndProject
Project("{FAE04EC0-301F-11D3-BF4B-00C04F79EFBC}") = "MauiTestApp", "MauiTestApp\MauiTestApp.csproj", "{4BC36A8D-066E-4173-BBEB-1ADE625E8554}"
EndProject
Global
	GlobalSection(SolutionConfigurationPlatforms) = preSolution
		Debug|Any CPU = Debug|Any CPU
		Release|Any CPU = Release|Any CPU
	EndGlobalSection
	GlobalSection(ProjectConfigurationPlatforms) = postSolution
		{595C18FD-4C6F-49BD-9A09-56023E024A36}.Debug|Any CPU.ActiveCfg = Debug|Any CPU
		{595C18FD-4C6F-49BD-9A09-56023E024A36}.Debug|Any CPU.Build.0 = Debug|Any CPU
		{595C18FD-4C6F-49BD-9A09-56023E024A36}.Release|Any CPU.ActiveCfg = Release|Any CPU
		{595C18FD-4C6F-49BD-9A09-56023E024A36}.Release|Any CPU.Build.0 = Release|Any CPU
		{4BC36A8D-066E-4173-BBEB-1ADE625E8554}.Debug|Any CPU.ActiveCfg = Debug|Any CPU
		{4BC36A8D-066E-4173-BBEB-1ADE625E8554}.Debug|Any CPU.Build.0 = Debug|Any CPU
		{4BC36A8D-066E-4173-BBEB-1ADE625E8554}.Debug|Any CPU.Deploy.0 = Debug|Any CPU
		{4BC36A8D-066E-4173-BBEB-1ADE625E8554}.Release|Any CPU.ActiveCfg = Release|Any CPU
		{4BC36A8D-066E-4173-BBEB-1ADE625E8554}.Release|Any CPU.Build.0 = Release|Any CPU
		{4BC36A8D-066E-4173-BBEB-1ADE625E8554}.Release|Any CPU.Deploy.0 = Release|Any CPU
	EndGlobalSection
	GlobalSection(SolutionProperties) = preSolution
		HideSolutionNode = FALSE
	EndGlobalSection
	GlobalSection(ExtensibilityGlobals) = postSolution
		SolutionGuid = {E539FE6C-407B-4E26-9B14-D5FE82B6EFD3}
	EndGlobalSection
EndGlobal
