
Microsoft Visual Studio Solution File, Format Version 12.00
# Visual Studio Version 17
VisualStudioVersion = 17.7.34024.191
MinimumVisualStudioVersion = 10.0.40219.1
Project("{FAE04EC0-301F-11D3-BF4B-00C04F79EFBC}") = "01_DataLoggin", "01_DataLoggin\01_DataLoggin.csproj", "{D2AACB45-4138-4AAD-AD7B-72633D92C36E}"
EndProject
Project("{FAE04EC0-301F-11D3-BF4B-00C04F79EFBC}") = "01_DataLoggin.Tests", "01_DataLoggin.Tests\01_DataLoggin.Tests.csproj", "{C131BF00-9763-4DC4-AA6D-82FB5FEC7222}"
EndProject
Global
	GlobalSection(SolutionConfigurationPlatforms) = preSolution
		Debug|Any CPU = Debug|Any CPU
		Release|Any CPU = Release|Any CPU
	EndGlobalSection
	GlobalSection(ProjectConfigurationPlatforms) = postSolution
		{D2AACB45-4138-4AAD-AD7B-72633D92C36E}.Debug|Any CPU.ActiveCfg = Debug|Any CPU
		{D2AACB45-4138-4AAD-AD7B-72633D92C36E}.Debug|Any CPU.Build.0 = Debug|Any CPU
		{D2AACB45-4138-4AAD-AD7B-72633D92C36E}.Release|Any CPU.ActiveCfg = Release|Any CPU
		{D2AACB45-4138-4AAD-AD7B-72633D92C36E}.Release|Any CPU.Build.0 = Release|Any CPU
		{C131BF00-9763-4DC4-AA6D-82FB5FEC7222}.Debug|Any CPU.ActiveCfg = Debug|Any CPU
		{C131BF00-9763-4DC4-AA6D-82FB5FEC7222}.Debug|Any CPU.Build.0 = Debug|Any CPU
		{C131BF00-9763-4DC4-AA6D-82FB5FEC7222}.Release|Any CPU.ActiveCfg = Release|Any CPU
		{C131BF00-9763-4DC4-AA6D-82FB5FEC7222}.Release|Any CPU.Build.0 = Release|Any CPU
	EndGlobalSection
	GlobalSection(SolutionProperties) = preSolution
		HideSolutionNode = FALSE
	EndGlobalSection
	GlobalSection(ExtensibilityGlobals) = postSolution
		SolutionGuid = {8FCCAC4F-9A78-482C-BA9D-9245F8ED079E}
	EndGlobalSection
EndGlobal
